
Microsoft Visual Studio Solution File, Format Version 12.00
# Visual Studio Version 16
VisualStudioVersion = 16.0.30611.23
MinimumVisualStudioVersion = 10.0.40219.1
Project("{FAE04EC0-301F-11D3-BF4B-00C04F79EFBC}") = "APIClient", "APIClient\APIClient.csproj", "{9ACFC162-6D5E-4240-B90B-9D12AF4E013D}"
EndProject
Global
	GlobalSection(SolutionConfigurationPlatforms) = preSolution
		Debug|Any CPU = Debug|Any CPU
		Release|Any CPU = Release|Any CPU
	EndGlobalSection
	GlobalSection(ProjectConfigurationPlatforms) = postSolution
		{9ACFC162-6D5E-4240-B90B-9D12AF4E013D}.Debug|Any CPU.ActiveCfg = Debug|Any CPU
		{9ACFC162-6D5E-4240-B90B-9D12AF4E013D}.Debug|Any CPU.Build.0 = Debug|Any CPU
		{9ACFC162-6D5E-4240-B90B-9D12AF4E013D}.Release|Any CPU.ActiveCfg = Release|Any CPU
		{9ACFC162-6D5E-4240-B90B-9D12AF4E013D}.Release|Any CPU.Build.0 = Release|Any CPU
	EndGlobalSection
	GlobalSection(SolutionProperties) = preSolution
		HideSolutionNode = FALSE
	EndGlobalSection
	GlobalSection(ExtensibilityGlobals) = postSolution
		SolutionGuid = {E0169632-A365-4FE1-977B-0DE54C58E828}
	EndGlobalSection
EndGlobal
